// !$*UTF8*$!
{
	archiveVersion = 1;
	classes = {
	};
	objectVersion = 70;
	objects = {

/* Begin PBXBuildFile section */
		1371F01C2CDDE0150034FC36 /* noto_AppApp.swift in Sources */ = {isa = PBXBuildFile; fileRef = 1371F01B2CDDE0150034FC36 /* noto_AppApp.swift */; };
		1371F01E2CDDE0150034FC36 /* ContentView.swift in Sources */ = {isa = PBXBuildFile; fileRef = 1371F01D2CDDE0150034FC36 /* ContentView.swift */; };
		1371F0202CDDE0150034FC36 /* Item.swift in Sources */ = {isa = PBXBuildFile; fileRef = 1371F01F2CDDE0150034FC36 /* Item.swift */; };
		1371F0222CDDE0280034FC36 /* Assets.xcassets in Resources */ = {isa = PBXBuildFile; fileRef = 1371F0212CDDE0280034FC36 /* Assets.xcassets */; };
		1371F0252CDDE0280034FC36 /* Preview Assets.xcassets in Resources */ = {isa = PBXBuildFile; fileRef = 1371F0242CDDE0280034FC36 /* Preview Assets.xcassets */; };
		1371F02F2CDDE0290034FC36 /* noto_AppTests.swift in Sources */ = {isa = PBXBuildFile; fileRef = 1371F02E2CDDE0290034FC36 /* noto_AppTests.swift */; };
		1371F0392CDDE0290034FC36 /* noto_AppUITests.swift in Sources */ = {isa = PBXBuildFile; fileRef = 1371F0382CDDE0290034FC36 /* noto_AppUITests.swift */; };
		1371F03B2CDDE0290034FC36 /* noto_AppUITestsLaunchTests.swift in Sources */ = {isa = PBXBuildFile; fileRef = 1371F03A2CDDE0290034FC36 /* noto_AppUITestsLaunchTests.swift */; };
		621B9BC52CF4438800451367 /* Header_Component.swift in Sources */ = {isa = PBXBuildFile; fileRef = 621B9BC42CF4438200451367 /* Header_Component.swift */; };
		621B9BC72CF443D600451367 /* Navigation_Componenet.swift in Sources */ = {isa = PBXBuildFile; fileRef = 621B9BC62CF443C400451367 /* Navigation_Componenet.swift */; };
		621B9BC92CF4440800451367 /* Request_Component.swift in Sources */ = {isa = PBXBuildFile; fileRef = 621B9BC82CF4440200451367 /* Request_Component.swift */; };
		621B9BCB2CF4442C00451367 /* SearchBar_Component.swift in Sources */ = {isa = PBXBuildFile; fileRef = 621B9BCA2CF4442500451367 /* SearchBar_Component.swift */; };
		621B9BD22CF466B500451367 /* RequestTest.swift in Sources */ = {isa = PBXBuildFile; fileRef = 621B9BD12CF466B200451367 /* RequestTest.swift */; };
		621B9BD52CF46B3B00451367 /* Sub_Component.swift in Sources */ = {isa = PBXBuildFile; fileRef = 621B9BD42CF46B3B00451367 /* Sub_Component.swift */; };
		621B9BD72CF46B5800451367 /* Main_Page.swift in Sources */ = {isa = PBXBuildFile; fileRef = 621B9BD62CF46B5300451367 /* Main_Page.swift */; };
		621B9BD92CF46C5100451367 /* Project_Progress_Component.swift in Sources */ = {isa = PBXBuildFile; fileRef = 621B9BD82CF46C4800451367 /* Project_Progress_Component.swift */; };
		621B9BDB2CF4750400451367 /* Setting_Page.swift in Sources */ = {isa = PBXBuildFile; fileRef = 621B9BDA2CF474FD00451367 /* Setting_Page.swift */; };
		621B9BDD2CF47F2C00451367 /* Request_Page.swift in Sources */ = {isa = PBXBuildFile; fileRef = 621B9BDC2CF47F2700451367 /* Request_Page.swift */; };
		627078DE2CE30A660027FF09 /* ColorStyle.swift in Sources */ = {isa = PBXBuildFile; fileRef = 627078DD2CE30A5D0027FF09 /* ColorStyle.swift */; };
		627078E42CE30B020027FF09 /* FontTest.swift in Sources */ = {isa = PBXBuildFile; fileRef = 627078E32CE30B000027FF09 /* FontTest.swift */; };
		627078E62CE30BD70027FF09 /* StyleTest.swift in Sources */ = {isa = PBXBuildFile; fileRef = 627078E52CE30BD30027FF09 /* StyleTest.swift */; };
		627078E82CE31B750027FF09 /* SubComponentTest.swift in Sources */ = {isa = PBXBuildFile; fileRef = 627078E72CE31B720027FF09 /* SubComponentTest.swift */; };
		627FFE872CEADE9D00DF70E8 /* ComponentTest.swift in Sources */ = {isa = PBXBuildFile; fileRef = 627FFE862CEADE9700DF70E8 /* ComponentTest.swift */; };
		627FFE9C2CEC295100DF70E8 /* FontStyle.swift in Sources */ = {isa = PBXBuildFile; fileRef = 627FFE9B2CEC294E00DF70E8 /* FontStyle.swift */; };
		627FFE9E2CEC299700DF70E8 /* Frame_Component.swift in Sources */ = {isa = PBXBuildFile; fileRef = 627FFE9D2CEC299300DF70E8 /* Frame_Component.swift */; };
		62D1EA5F2CFD80F6005801F6 /* Request_DataModel.swift in Sources */ = {isa = PBXBuildFile; fileRef = 62D1EA5E2CFD80F1005801F6 /* Request_DataModel.swift */; };
		62D1EA612CFD813D005801F6 /* Todo_DataModel.swift in Sources */ = {isa = PBXBuildFile; fileRef = 62D1EA602CFD8130005801F6 /* Todo_DataModel.swift */; };
		62D1EA632CFD8865005801F6 /* TodoDetail_Page.swift in Sources */ = {isa = PBXBuildFile; fileRef = 62D1EA622CFD8852005801F6 /* TodoDetail_Page.swift */; };
		62D1EA662CFD9779005801F6 /* Person_DataModel.swift in Sources */ = {isa = PBXBuildFile; fileRef = 62D1EA652CFD9775005801F6 /* Person_DataModel.swift */; };
		62D1EA682CFDA6B1005801F6 /* Project_DataModel.swift in Sources */ = {isa = PBXBuildFile; fileRef = 62D1EA672CFDA6AC005801F6 /* Project_DataModel.swift */; };
		62D1EA6A2CFDA962005801F6 /* ProgressList_Page.swift in Sources */ = {isa = PBXBuildFile; fileRef = 62D1EA692CFDA95B005801F6 /* ProgressList_Page.swift */; };
		7D8261FA2CEC45D60045913B /* ModalTest.swift in Sources */ = {isa = PBXBuildFile; fileRef = 7D8261F92CEC45D10045913B /* ModalTest.swift */; };
		7D8261FC2CED8A210045913B /* Modal_Component.swift in Sources */ = {isa = PBXBuildFile; fileRef = 7D8261FB2CED8A100045913B /* Modal_Component.swift */; };
		7D8261FE2CED92C80045913B /* ComboboxTest.swift in Sources */ = {isa = PBXBuildFile; fileRef = 7D8261FD2CED92AF0045913B /* ComboboxTest.swift */; };
/* End PBXBuildFile section */

/* Begin PBXContainerItemProxy section */
		1371F02B2CDDE0290034FC36 /* PBXContainerItemProxy */ = {
			isa = PBXContainerItemProxy;
			containerPortal = 1371F0102CDDE0150034FC36 /* Project object */;
			proxyType = 1;
			remoteGlobalIDString = 1371F0172CDDE0150034FC36;
			remoteInfo = "noto-App";
		};
		1371F0352CDDE0290034FC36 /* PBXContainerItemProxy */ = {
			isa = PBXContainerItemProxy;
			containerPortal = 1371F0102CDDE0150034FC36 /* Project object */;
			proxyType = 1;
			remoteGlobalIDString = 1371F0172CDDE0150034FC36;
			remoteInfo = "noto-App";
		};
/* End PBXContainerItemProxy section */

/* Begin PBXFileReference section */
		1371F0182CDDE0150034FC36 /* noto-App.app */ = {isa = PBXFileReference; explicitFileType = wrapper.application; includeInIndex = 0; path = "noto-App.app"; sourceTree = BUILT_PRODUCTS_DIR; };
		1371F01B2CDDE0150034FC36 /* noto_AppApp.swift */ = {isa = PBXFileReference; lastKnownFileType = sourcecode.swift; path = noto_AppApp.swift; sourceTree = "<group>"; };
		1371F01D2CDDE0150034FC36 /* ContentView.swift */ = {isa = PBXFileReference; lastKnownFileType = sourcecode.swift; path = ContentView.swift; sourceTree = "<group>"; };
		1371F01F2CDDE0150034FC36 /* Item.swift */ = {isa = PBXFileReference; lastKnownFileType = sourcecode.swift; path = Item.swift; sourceTree = "<group>"; };
		1371F0212CDDE0280034FC36 /* Assets.xcassets */ = {isa = PBXFileReference; lastKnownFileType = folder.assetcatalog; path = Assets.xcassets; sourceTree = "<group>"; };
		1371F0242CDDE0280034FC36 /* Preview Assets.xcassets */ = {isa = PBXFileReference; lastKnownFileType = folder.assetcatalog; path = "Preview Assets.xcassets"; sourceTree = "<group>"; };
		1371F02A2CDDE0290034FC36 /* noto-AppTests.xctest */ = {isa = PBXFileReference; explicitFileType = wrapper.cfbundle; includeInIndex = 0; path = "noto-AppTests.xctest"; sourceTree = BUILT_PRODUCTS_DIR; };
		1371F02E2CDDE0290034FC36 /* noto_AppTests.swift */ = {isa = PBXFileReference; lastKnownFileType = sourcecode.swift; path = noto_AppTests.swift; sourceTree = "<group>"; };
		1371F0342CDDE0290034FC36 /* noto-AppUITests.xctest */ = {isa = PBXFileReference; explicitFileType = wrapper.cfbundle; includeInIndex = 0; path = "noto-AppUITests.xctest"; sourceTree = BUILT_PRODUCTS_DIR; };
		1371F0382CDDE0290034FC36 /* noto_AppUITests.swift */ = {isa = PBXFileReference; lastKnownFileType = sourcecode.swift; path = noto_AppUITests.swift; sourceTree = "<group>"; };
		1371F03A2CDDE0290034FC36 /* noto_AppUITestsLaunchTests.swift */ = {isa = PBXFileReference; lastKnownFileType = sourcecode.swift; path = noto_AppUITestsLaunchTests.swift; sourceTree = "<group>"; };
		621B9BC42CF4438200451367 /* Header_Component.swift */ = {isa = PBXFileReference; lastKnownFileType = sourcecode.swift; path = Header_Component.swift; sourceTree = "<group>"; };
		621B9BC62CF443C400451367 /* Navigation_Componenet.swift */ = {isa = PBXFileReference; lastKnownFileType = sourcecode.swift; path = Navigation_Componenet.swift; sourceTree = "<group>"; };
		621B9BC82CF4440200451367 /* Request_Component.swift */ = {isa = PBXFileReference; lastKnownFileType = sourcecode.swift; path = Request_Component.swift; sourceTree = "<group>"; };
		621B9BCA2CF4442500451367 /* SearchBar_Component.swift */ = {isa = PBXFileReference; lastKnownFileType = sourcecode.swift; path = SearchBar_Component.swift; sourceTree = "<group>"; };
		621B9BD12CF466B200451367 /* RequestTest.swift */ = {isa = PBXFileReference; lastKnownFileType = sourcecode.swift; path = RequestTest.swift; sourceTree = "<group>"; };
		621B9BD42CF46B3B00451367 /* Sub_Component.swift */ = {isa = PBXFileReference; lastKnownFileType = sourcecode.swift; path = Sub_Component.swift; sourceTree = "<group>"; };
		621B9BD62CF46B5300451367 /* Main_Page.swift */ = {isa = PBXFileReference; lastKnownFileType = sourcecode.swift; path = Main_Page.swift; sourceTree = "<group>"; };
		621B9BD82CF46C4800451367 /* Project_Progress_Component.swift */ = {isa = PBXFileReference; lastKnownFileType = sourcecode.swift; path = Project_Progress_Component.swift; sourceTree = "<group>"; };
		621B9BDA2CF474FD00451367 /* Setting_Page.swift */ = {isa = PBXFileReference; lastKnownFileType = sourcecode.swift; path = Setting_Page.swift; sourceTree = "<group>"; };
		621B9BDC2CF47F2700451367 /* Request_Page.swift */ = {isa = PBXFileReference; lastKnownFileType = sourcecode.swift; path = Request_Page.swift; sourceTree = "<group>"; };
		623334682CDDE79100DE9DA1 /* Info.plist */ = {isa = PBXFileReference; lastKnownFileType = text.plist.xml; path = Info.plist; sourceTree = "<group>"; };
		627078DD2CE30A5D0027FF09 /* ColorStyle.swift */ = {isa = PBXFileReference; lastKnownFileType = sourcecode.swift; path = ColorStyle.swift; sourceTree = "<group>"; };
		627078E32CE30B000027FF09 /* FontTest.swift */ = {isa = PBXFileReference; lastKnownFileType = sourcecode.swift; path = FontTest.swift; sourceTree = "<group>"; };
		627078E52CE30BD30027FF09 /* StyleTest.swift */ = {isa = PBXFileReference; lastKnownFileType = sourcecode.swift; path = StyleTest.swift; sourceTree = "<group>"; };
		627078E72CE31B720027FF09 /* SubComponentTest.swift */ = {isa = PBXFileReference; lastKnownFileType = sourcecode.swift; path = SubComponentTest.swift; sourceTree = "<group>"; };
		627FFE862CEADE9700DF70E8 /* ComponentTest.swift */ = {isa = PBXFileReference; lastKnownFileType = sourcecode.swift; path = ComponentTest.swift; sourceTree = "<group>"; };
		627FFE9B2CEC294E00DF70E8 /* FontStyle.swift */ = {isa = PBXFileReference; lastKnownFileType = sourcecode.swift; path = FontStyle.swift; sourceTree = "<group>"; };
		627FFE9D2CEC299300DF70E8 /* Frame_Component.swift */ = {isa = PBXFileReference; lastKnownFileType = sourcecode.swift; path = Frame_Component.swift; sourceTree = "<group>"; };
		62D1EA5E2CFD80F1005801F6 /* Request_DataModel.swift */ = {isa = PBXFileReference; lastKnownFileType = sourcecode.swift; path = Request_DataModel.swift; sourceTree = "<group>"; };
		62D1EA602CFD8130005801F6 /* Todo_DataModel.swift */ = {isa = PBXFileReference; lastKnownFileType = sourcecode.swift; path = Todo_DataModel.swift; sourceTree = "<group>"; };
		62D1EA622CFD8852005801F6 /* TodoDetail_Page.swift */ = {isa = PBXFileReference; lastKnownFileType = sourcecode.swift; path = TodoDetail_Page.swift; sourceTree = "<group>"; };
		62D1EA652CFD9775005801F6 /* Person_DataModel.swift */ = {isa = PBXFileReference; lastKnownFileType = sourcecode.swift; path = Person_DataModel.swift; sourceTree = "<group>"; };
		62D1EA672CFDA6AC005801F6 /* Project_DataModel.swift */ = {isa = PBXFileReference; lastKnownFileType = sourcecode.swift; path = Project_DataModel.swift; sourceTree = "<group>"; };
		62D1EA692CFDA95B005801F6 /* ProgressList_Page.swift */ = {isa = PBXFileReference; lastKnownFileType = sourcecode.swift; path = ProgressList_Page.swift; sourceTree = "<group>"; };
		7D8261F92CEC45D10045913B /* ModalTest.swift */ = {isa = PBXFileReference; lastKnownFileType = sourcecode.swift; path = ModalTest.swift; sourceTree = "<group>"; };
		7D8261FB2CED8A100045913B /* Modal_Component.swift */ = {isa = PBXFileReference; lastKnownFileType = sourcecode.swift; path = Modal_Component.swift; sourceTree = "<group>"; };
		7D8261FD2CED92AF0045913B /* ComboboxTest.swift */ = {isa = PBXFileReference; lastKnownFileType = sourcecode.swift; path = ComboboxTest.swift; sourceTree = "<group>"; };
/* End PBXFileReference section */

/* Begin PBXFileSystemSynchronizedRootGroup section */
		623334532CDDE63200DE9DA1 /* Font */ = {isa = PBXFileSystemSynchronizedRootGroup; explicitFileTypes = {}; explicitFolders = (); path = Font; sourceTree = "<group>"; };
/* End PBXFileSystemSynchronizedRootGroup section */

/* Begin PBXFrameworksBuildPhase section */
		1371F0152CDDE0150034FC36 /* Frameworks */ = {
			isa = PBXFrameworksBuildPhase;
			buildActionMask = 2147483647;
			files = (
			);
			runOnlyForDeploymentPostprocessing = 0;
		};
		1371F0272CDDE0290034FC36 /* Frameworks */ = {
			isa = PBXFrameworksBuildPhase;
			buildActionMask = 2147483647;
			files = (
			);
			runOnlyForDeploymentPostprocessing = 0;
		};
		1371F0312CDDE0290034FC36 /* Frameworks */ = {
			isa = PBXFrameworksBuildPhase;
			buildActionMask = 2147483647;
			files = (
			);
			runOnlyForDeploymentPostprocessing = 0;
		};
/* End PBXFrameworksBuildPhase section */

/* Begin PBXGroup section */
		1371F00F2CDDE0150034FC36 = {
			isa = PBXGroup;
			children = (
				1371F01A2CDDE0150034FC36 /* noto-App */,
				1371F02D2CDDE0290034FC36 /* noto-AppTests */,
				1371F0372CDDE0290034FC36 /* noto-AppUITests */,
				1371F0192CDDE0150034FC36 /* Products */,
			);
			sourceTree = "<group>";
		};
		1371F0192CDDE0150034FC36 /* Products */ = {
			isa = PBXGroup;
			children = (
				1371F0182CDDE0150034FC36 /* noto-App.app */,
				1371F02A2CDDE0290034FC36 /* noto-AppTests.xctest */,
				1371F0342CDDE0290034FC36 /* noto-AppUITests.xctest */,
			);
			name = Products;
			sourceTree = "<group>";
		};
		1371F01A2CDDE0150034FC36 /* noto-App */ = {
			isa = PBXGroup;
			children = (
				62D1EA5D2CFD80D8005801F6 /* DataModel */,
				621B9BCD2CF4448F00451367 /* Page */,
				627FFE9A2CEC293800DF70E8 /* Component */,
				627078E22CE30AFA0027FF09 /* Test */,
				623334682CDDE79100DE9DA1 /* Info.plist */,
				623334532CDDE63200DE9DA1 /* Font */,
				1371F01B2CDDE0150034FC36 /* noto_AppApp.swift */,
				1371F01D2CDDE0150034FC36 /* ContentView.swift */,
				1371F01F2CDDE0150034FC36 /* Item.swift */,
				1371F0212CDDE0280034FC36 /* Assets.xcassets */,
				1371F0232CDDE0280034FC36 /* Preview Content */,
			);
			path = "noto-App";
			sourceTree = "<group>";
		};
		1371F0232CDDE0280034FC36 /* Preview Content */ = {
			isa = PBXGroup;
			children = (
				1371F0242CDDE0280034FC36 /* Preview Assets.xcassets */,
			);
			path = "Preview Content";
			sourceTree = "<group>";
		};
		1371F02D2CDDE0290034FC36 /* noto-AppTests */ = {
			isa = PBXGroup;
			children = (
				1371F02E2CDDE0290034FC36 /* noto_AppTests.swift */,
			);
			path = "noto-AppTests";
			sourceTree = "<group>";
		};
		1371F0372CDDE0290034FC36 /* noto-AppUITests */ = {
			isa = PBXGroup;
			children = (
				1371F0382CDDE0290034FC36 /* noto_AppUITests.swift */,
				1371F03A2CDDE0290034FC36 /* noto_AppUITestsLaunchTests.swift */,
			);
			path = "noto-AppUITests";
			sourceTree = "<group>";
		};
		621B9BCC2CF4447100451367 /* Styles */ = {
			isa = PBXGroup;
			children = (
				627FFE9B2CEC294E00DF70E8 /* FontStyle.swift */,
				627078DD2CE30A5D0027FF09 /* ColorStyle.swift */,
			);
			path = Styles;
			sourceTree = "<group>";
		};
		621B9BCD2CF4448F00451367 /* Page */ = {
			isa = PBXGroup;
			children = (
				62D1EA692CFDA95B005801F6 /* ProgressList_Page.swift */,
				62D1EA622CFD8852005801F6 /* TodoDetail_Page.swift */,
				621B9BDC2CF47F2700451367 /* Request_Page.swift */,
				621B9BDA2CF474FD00451367 /* Setting_Page.swift */,
				621B9BD62CF46B5300451367 /* Main_Page.swift */,
			);
			path = Page;
			sourceTree = "<group>";
		};
		627078E22CE30AFA0027FF09 /* Test */ = {
			isa = PBXGroup;
			children = (
				621B9BD12CF466B200451367 /* RequestTest.swift */,
				7D8261FD2CED92AF0045913B /* ComboboxTest.swift */,
				7D8261F92CEC45D10045913B /* ModalTest.swift */,
				627FFE862CEADE9700DF70E8 /* ComponentTest.swift */,
				627078E72CE31B720027FF09 /* SubComponentTest.swift */,
				627078E52CE30BD30027FF09 /* StyleTest.swift */,
				627078E32CE30B000027FF09 /* FontTest.swift */,
			);
			path = Test;
			sourceTree = "<group>";
		};
		627FFE9A2CEC293800DF70E8 /* Component */ = {
			isa = PBXGroup;
			children = (
				621B9BD82CF46C4800451367 /* Project_Progress_Component.swift */,
				621B9BCC2CF4447100451367 /* Styles */,
				621B9BCA2CF4442500451367 /* SearchBar_Component.swift */,
				621B9BC82CF4440200451367 /* Request_Component.swift */,
				621B9BD42CF46B3B00451367 /* Sub_Component.swift */,
				621B9BC62CF443C400451367 /* Navigation_Componenet.swift */,
				621B9BC42CF4438200451367 /* Header_Component.swift */,
				7D8261FB2CED8A100045913B /* Modal_Component.swift */,
				627FFE9D2CEC299300DF70E8 /* Frame_Component.swift */,
			);
			path = Component;
			sourceTree = "<group>";
		};
		62D1EA5D2CFD80D8005801F6 /* DataModel */ = {
			isa = PBXGroup;
			children = (
				62D1EA672CFDA6AC005801F6 /* Project_DataModel.swift */,
				62D1EA652CFD9775005801F6 /* Person_DataModel.swift */,
				62D1EA602CFD8130005801F6 /* Todo_DataModel.swift */,
				62D1EA5E2CFD80F1005801F6 /* Request_DataModel.swift */,
			);
			path = DataModel;
			sourceTree = "<group>";
		};
/* End PBXGroup section */

/* Begin PBXNativeTarget section */
		1371F0172CDDE0150034FC36 /* noto-App */ = {
			isa = PBXNativeTarget;
			buildConfigurationList = 1371F03E2CDDE0290034FC36 /* Build configuration list for PBXNativeTarget "noto-App" */;
			buildPhases = (
				1371F0142CDDE0150034FC36 /* Sources */,
				1371F0152CDDE0150034FC36 /* Frameworks */,
				1371F0162CDDE0150034FC36 /* Resources */,
			);
			buildRules = (
			);
			dependencies = (
			);
			fileSystemSynchronizedGroups = (
				623334532CDDE63200DE9DA1 /* Font */,
			);
			name = "noto-App";
			productName = "noto-App";
			productReference = 1371F0182CDDE0150034FC36 /* noto-App.app */;
			productType = "com.apple.product-type.application";
		};
		1371F0292CDDE0290034FC36 /* noto-AppTests */ = {
			isa = PBXNativeTarget;
			buildConfigurationList = 1371F0412CDDE0290034FC36 /* Build configuration list for PBXNativeTarget "noto-AppTests" */;
			buildPhases = (
				1371F0262CDDE0290034FC36 /* Sources */,
				1371F0272CDDE0290034FC36 /* Frameworks */,
				1371F0282CDDE0290034FC36 /* Resources */,
			);
			buildRules = (
			);
			dependencies = (
				1371F02C2CDDE0290034FC36 /* PBXTargetDependency */,
			);
			name = "noto-AppTests";
			productName = "noto-AppTests";
			productReference = 1371F02A2CDDE0290034FC36 /* noto-AppTests.xctest */;
			productType = "com.apple.product-type.bundle.unit-test";
		};
		1371F0332CDDE0290034FC36 /* noto-AppUITests */ = {
			isa = PBXNativeTarget;
			buildConfigurationList = 1371F0442CDDE0290034FC36 /* Build configuration list for PBXNativeTarget "noto-AppUITests" */;
			buildPhases = (
				1371F0302CDDE0290034FC36 /* Sources */,
				1371F0312CDDE0290034FC36 /* Frameworks */,
				1371F0322CDDE0290034FC36 /* Resources */,
			);
			buildRules = (
			);
			dependencies = (
				1371F0362CDDE0290034FC36 /* PBXTargetDependency */,
			);
			name = "noto-AppUITests";
			productName = "noto-AppUITests";
			productReference = 1371F0342CDDE0290034FC36 /* noto-AppUITests.xctest */;
			productType = "com.apple.product-type.bundle.ui-testing";
		};
/* End PBXNativeTarget section */

/* Begin PBXProject section */
		1371F0102CDDE0150034FC36 /* Project object */ = {
			isa = PBXProject;
			attributes = {
				BuildIndependentTargetsInParallel = 1;
				LastSwiftUpdateCheck = 1540;
				LastUpgradeCheck = 1540;
				TargetAttributes = {
					1371F0172CDDE0150034FC36 = {
						CreatedOnToolsVersion = 15.4;
					};
					1371F0292CDDE0290034FC36 = {
						CreatedOnToolsVersion = 15.4;
						TestTargetID = 1371F0172CDDE0150034FC36;
					};
					1371F0332CDDE0290034FC36 = {
						CreatedOnToolsVersion = 15.4;
						TestTargetID = 1371F0172CDDE0150034FC36;
					};
				};
			};
			buildConfigurationList = 1371F0132CDDE0150034FC36 /* Build configuration list for PBXProject "noto-App" */;
			compatibilityVersion = "Xcode 14.0";
			developmentRegion = en;
			hasScannedForEncodings = 0;
			knownRegions = (
				en,
				Base,
			);
			mainGroup = 1371F00F2CDDE0150034FC36;
			productRefGroup = 1371F0192CDDE0150034FC36 /* Products */;
			projectDirPath = "";
			projectRoot = "";
			targets = (
				1371F0172CDDE0150034FC36 /* noto-App */,
				1371F0292CDDE0290034FC36 /* noto-AppTests */,
				1371F0332CDDE0290034FC36 /* noto-AppUITests */,
			);
		};
/* End PBXProject section */

/* Begin PBXResourcesBuildPhase section */
		1371F0162CDDE0150034FC36 /* Resources */ = {
			isa = PBXResourcesBuildPhase;
			buildActionMask = 2147483647;
			files = (
				1371F0252CDDE0280034FC36 /* Preview Assets.xcassets in Resources */,
				1371F0222CDDE0280034FC36 /* Assets.xcassets in Resources */,
			);
			runOnlyForDeploymentPostprocessing = 0;
		};
		1371F0282CDDE0290034FC36 /* Resources */ = {
			isa = PBXResourcesBuildPhase;
			buildActionMask = 2147483647;
			files = (
			);
			runOnlyForDeploymentPostprocessing = 0;
		};
		1371F0322CDDE0290034FC36 /* Resources */ = {
			isa = PBXResourcesBuildPhase;
			buildActionMask = 2147483647;
			files = (
			);
			runOnlyForDeploymentPostprocessing = 0;
		};
/* End PBXResourcesBuildPhase section */

/* Begin PBXSourcesBuildPhase section */
		1371F0142CDDE0150034FC36 /* Sources */ = {
			isa = PBXSourcesBuildPhase;
			buildActionMask = 2147483647;
			files = (
				7D8261FE2CED92C80045913B /* ComboboxTest.swift in Sources */,
				1371F01E2CDDE0150034FC36 /* ContentView.swift in Sources */,
				627FFE872CEADE9D00DF70E8 /* ComponentTest.swift in Sources */,
				621B9BD72CF46B5800451367 /* Main_Page.swift in Sources */,
				627FFE9C2CEC295100DF70E8 /* FontStyle.swift in Sources */,
				621B9BD22CF466B500451367 /* RequestTest.swift in Sources */,
				62D1EA612CFD813D005801F6 /* Todo_DataModel.swift in Sources */,
				7D8261FA2CEC45D60045913B /* ModalTest.swift in Sources */,
				627078E62CE30BD70027FF09 /* StyleTest.swift in Sources */,
				621B9BD92CF46C5100451367 /* Project_Progress_Component.swift in Sources */,
				627078E42CE30B020027FF09 /* FontTest.swift in Sources */,
				62D1EA632CFD8865005801F6 /* TodoDetail_Page.swift in Sources */,
				7D8261FC2CED8A210045913B /* Modal_Component.swift in Sources */,
				62D1EA662CFD9779005801F6 /* Person_DataModel.swift in Sources */,
				627FFE9E2CEC299700DF70E8 /* Frame_Component.swift in Sources */,
				1371F0202CDDE0150034FC36 /* Item.swift in Sources */,
				627078E82CE31B750027FF09 /* SubComponentTest.swift in Sources */,
				621B9BDD2CF47F2C00451367 /* Request_Page.swift in Sources */,
				62D1EA6A2CFDA962005801F6 /* ProgressList_Page.swift in Sources */,
				62D1EA5F2CFD80F6005801F6 /* Request_DataModel.swift in Sources */,
				62D1EA682CFDA6B1005801F6 /* Project_DataModel.swift in Sources */,
				1371F01C2CDDE0150034FC36 /* noto_AppApp.swift in Sources */,
				621B9BD52CF46B3B00451367 /* Sub_Component.swift in Sources */,
				621B9BC92CF4440800451367 /* Request_Component.swift in Sources */,
				621B9BC72CF443D600451367 /* Navigation_Componenet.swift in Sources */,
				627078DE2CE30A660027FF09 /* ColorStyle.swift in Sources */,
				621B9BC52CF4438800451367 /* Header_Component.swift in Sources */,
				621B9BCB2CF4442C00451367 /* SearchBar_Component.swift in Sources */,
				621B9BDB2CF4750400451367 /* Setting_Page.swift in Sources */,
			);
			runOnlyForDeploymentPostprocessing = 0;
		};
		1371F0262CDDE0290034FC36 /* Sources */ = {
			isa = PBXSourcesBuildPhase;
			buildActionMask = 2147483647;
			files = (
				1371F02F2CDDE0290034FC36 /* noto_AppTests.swift in Sources */,
			);
			runOnlyForDeploymentPostprocessing = 0;
		};
		1371F0302CDDE0290034FC36 /* Sources */ = {
			isa = PBXSourcesBuildPhase;
			buildActionMask = 2147483647;
			files = (
				1371F03B2CDDE0290034FC36 /* noto_AppUITestsLaunchTests.swift in Sources */,
				1371F0392CDDE0290034FC36 /* noto_AppUITests.swift in Sources */,
			);
			runOnlyForDeploymentPostprocessing = 0;
		};
/* End PBXSourcesBuildPhase section */

/* Begin PBXTargetDependency section */
		1371F02C2CDDE0290034FC36 /* PBXTargetDependency */ = {
			isa = PBXTargetDependency;
			target = 1371F0172CDDE0150034FC36 /* noto-App */;
			targetProxy = 1371F02B2CDDE0290034FC36 /* PBXContainerItemProxy */;
		};
		1371F0362CDDE0290034FC36 /* PBXTargetDependency */ = {
			isa = PBXTargetDependency;
			target = 1371F0172CDDE0150034FC36 /* noto-App */;
			targetProxy = 1371F0352CDDE0290034FC36 /* PBXContainerItemProxy */;
		};
/* End PBXTargetDependency section */

/* Begin XCBuildConfiguration section */
		1371F03C2CDDE0290034FC36 /* Debug */ = {
			isa = XCBuildConfiguration;
			buildSettings = {
				ALWAYS_SEARCH_USER_PATHS = NO;
				ASSETCATALOG_COMPILER_GENERATE_SWIFT_ASSET_SYMBOL_EXTENSIONS = YES;
				CLANG_ANALYZER_NONNULL = YES;
				CLANG_ANALYZER_NUMBER_OBJECT_CONVERSION = YES_AGGRESSIVE;
				CLANG_CXX_LANGUAGE_STANDARD = "gnu++20";
				CLANG_ENABLE_MODULES = YES;
				CLANG_ENABLE_OBJC_ARC = YES;
				CLANG_ENABLE_OBJC_WEAK = YES;
				CLANG_WARN_BLOCK_CAPTURE_AUTORELEASING = YES;
				CLANG_WARN_BOOL_CONVERSION = YES;
				CLANG_WARN_COMMA = YES;
				CLANG_WARN_CONSTANT_CONVERSION = YES;
				CLANG_WARN_DEPRECATED_OBJC_IMPLEMENTATIONS = YES;
				CLANG_WARN_DIRECT_OBJC_ISA_USAGE = YES_ERROR;
				CLANG_WARN_DOCUMENTATION_COMMENTS = YES;
				CLANG_WARN_EMPTY_BODY = YES;
				CLANG_WARN_ENUM_CONVERSION = YES;
				CLANG_WARN_INFINITE_RECURSION = YES;
				CLANG_WARN_INT_CONVERSION = YES;
				CLANG_WARN_NON_LITERAL_NULL_CONVERSION = YES;
				CLANG_WARN_OBJC_IMPLICIT_RETAIN_SELF = YES;
				CLANG_WARN_OBJC_LITERAL_CONVERSION = YES;
				CLANG_WARN_OBJC_ROOT_CLASS = YES_ERROR;
				CLANG_WARN_QUOTED_INCLUDE_IN_FRAMEWORK_HEADER = YES;
				CLANG_WARN_RANGE_LOOP_ANALYSIS = YES;
				CLANG_WARN_STRICT_PROTOTYPES = YES;
				CLANG_WARN_SUSPICIOUS_MOVE = YES;
				CLANG_WARN_UNGUARDED_AVAILABILITY = YES_AGGRESSIVE;
				CLANG_WARN_UNREACHABLE_CODE = YES;
				CLANG_WARN__DUPLICATE_METHOD_MATCH = YES;
				COPY_PHASE_STRIP = NO;
				DEBUG_INFORMATION_FORMAT = dwarf;
				ENABLE_STRICT_OBJC_MSGSEND = YES;
				ENABLE_TESTABILITY = YES;
				ENABLE_USER_SCRIPT_SANDBOXING = YES;
				GCC_C_LANGUAGE_STANDARD = gnu17;
				GCC_DYNAMIC_NO_PIC = NO;
				GCC_NO_COMMON_BLOCKS = YES;
				GCC_OPTIMIZATION_LEVEL = 0;
				GCC_PREPROCESSOR_DEFINITIONS = (
					"DEBUG=1",
					"$(inherited)",
				);
				GCC_WARN_64_TO_32_BIT_CONVERSION = YES;
				GCC_WARN_ABOUT_RETURN_TYPE = YES_ERROR;
				GCC_WARN_UNDECLARED_SELECTOR = YES;
				GCC_WARN_UNINITIALIZED_AUTOS = YES_AGGRESSIVE;
				GCC_WARN_UNUSED_FUNCTION = YES;
				GCC_WARN_UNUSED_VARIABLE = YES;
				IPHONEOS_DEPLOYMENT_TARGET = 17.5;
				LOCALIZATION_PREFERS_STRING_CATALOGS = YES;
				MTL_ENABLE_DEBUG_INFO = INCLUDE_SOURCE;
				MTL_FAST_MATH = YES;
				ONLY_ACTIVE_ARCH = YES;
				SDKROOT = iphoneos;
				SWIFT_ACTIVE_COMPILATION_CONDITIONS = "DEBUG $(inherited)";
				SWIFT_OPTIMIZATION_LEVEL = "-Onone";
			};
			name = Debug;
		};
		1371F03D2CDDE0290034FC36 /* Release */ = {
			isa = XCBuildConfiguration;
			buildSettings = {
				ALWAYS_SEARCH_USER_PATHS = NO;
				ASSETCATALOG_COMPILER_GENERATE_SWIFT_ASSET_SYMBOL_EXTENSIONS = YES;
				CLANG_ANALYZER_NONNULL = YES;
				CLANG_ANALYZER_NUMBER_OBJECT_CONVERSION = YES_AGGRESSIVE;
				CLANG_CXX_LANGUAGE_STANDARD = "gnu++20";
				CLANG_ENABLE_MODULES = YES;
				CLANG_ENABLE_OBJC_ARC = YES;
				CLANG_ENABLE_OBJC_WEAK = YES;
				CLANG_WARN_BLOCK_CAPTURE_AUTORELEASING = YES;
				CLANG_WARN_BOOL_CONVERSION = YES;
				CLANG_WARN_COMMA = YES;
				CLANG_WARN_CONSTANT_CONVERSION = YES;
				CLANG_WARN_DEPRECATED_OBJC_IMPLEMENTATIONS = YES;
				CLANG_WARN_DIRECT_OBJC_ISA_USAGE = YES_ERROR;
				CLANG_WARN_DOCUMENTATION_COMMENTS = YES;
				CLANG_WARN_EMPTY_BODY = YES;
				CLANG_WARN_ENUM_CONVERSION = YES;
				CLANG_WARN_INFINITE_RECURSION = YES;
				CLANG_WARN_INT_CONVERSION = YES;
				CLANG_WARN_NON_LITERAL_NULL_CONVERSION = YES;
				CLANG_WARN_OBJC_IMPLICIT_RETAIN_SELF = YES;
				CLANG_WARN_OBJC_LITERAL_CONVERSION = YES;
				CLANG_WARN_OBJC_ROOT_CLASS = YES_ERROR;
				CLANG_WARN_QUOTED_INCLUDE_IN_FRAMEWORK_HEADER = YES;
				CLANG_WARN_RANGE_LOOP_ANALYSIS = YES;
				CLANG_WARN_STRICT_PROTOTYPES = YES;
				CLANG_WARN_SUSPICIOUS_MOVE = YES;
				CLANG_WARN_UNGUARDED_AVAILABILITY = YES_AGGRESSIVE;
				CLANG_WARN_UNREACHABLE_CODE = YES;
				CLANG_WARN__DUPLICATE_METHOD_MATCH = YES;
				COPY_PHASE_STRIP = NO;
				DEBUG_INFORMATION_FORMAT = "dwarf-with-dsym";
				ENABLE_NS_ASSERTIONS = NO;
				ENABLE_STRICT_OBJC_MSGSEND = YES;
				ENABLE_USER_SCRIPT_SANDBOXING = YES;
				GCC_C_LANGUAGE_STANDARD = gnu17;
				GCC_NO_COMMON_BLOCKS = YES;
				GCC_WARN_64_TO_32_BIT_CONVERSION = YES;
				GCC_WARN_ABOUT_RETURN_TYPE = YES_ERROR;
				GCC_WARN_UNDECLARED_SELECTOR = YES;
				GCC_WARN_UNINITIALIZED_AUTOS = YES_AGGRESSIVE;
				GCC_WARN_UNUSED_FUNCTION = YES;
				GCC_WARN_UNUSED_VARIABLE = YES;
				IPHONEOS_DEPLOYMENT_TARGET = 17.5;
				LOCALIZATION_PREFERS_STRING_CATALOGS = YES;
				MTL_ENABLE_DEBUG_INFO = NO;
				MTL_FAST_MATH = YES;
				SDKROOT = iphoneos;
				SWIFT_COMPILATION_MODE = wholemodule;
				VALIDATE_PRODUCT = YES;
			};
			name = Release;
		};
		1371F03F2CDDE0290034FC36 /* Debug */ = {
			isa = XCBuildConfiguration;
			buildSettings = {
				ASSETCATALOG_COMPILER_APPICON_NAME = AppIcon;
				ASSETCATALOG_COMPILER_GLOBAL_ACCENT_COLOR_NAME = AccentColor;
				CODE_SIGN_STYLE = Automatic;
				CURRENT_PROJECT_VERSION = 1;
				DEVELOPMENT_ASSET_PATHS = "\"noto-App/Preview Content\"";
				DEVELOPMENT_TEAM = 5U5FH3T2UV;
				ENABLE_PREVIEWS = YES;
				GENERATE_INFOPLIST_FILE = YES;
				INFOPLIST_FILE = "noto-App/info.plist";
				INFOPLIST_KEY_UIApplicationSceneManifest_Generation = YES;
				INFOPLIST_KEY_UIApplicationSupportsIndirectInputEvents = YES;
				INFOPLIST_KEY_UILaunchScreen_Generation = YES;
				INFOPLIST_KEY_UISupportedInterfaceOrientations_iPad = "UIInterfaceOrientationPortrait UIInterfaceOrientationPortraitUpsideDown UIInterfaceOrientationLandscapeLeft UIInterfaceOrientationLandscapeRight";
				INFOPLIST_KEY_UISupportedInterfaceOrientations_iPhone = "UIInterfaceOrientationPortrait UIInterfaceOrientationLandscapeLeft UIInterfaceOrientationLandscapeRight";
				LD_RUNPATH_SEARCH_PATHS = (
					"$(inherited)",
					"@executable_path/Frameworks",
				);
				MARKETING_VERSION = 1.0;
				PRODUCT_BUNDLE_IDENTIFIER = "jinhyeok.noto-App";
				PRODUCT_NAME = "$(TARGET_NAME)";
				SWIFT_EMIT_LOC_STRINGS = YES;
				SWIFT_VERSION = 5.0;
				TARGETED_DEVICE_FAMILY = "1,2";
			};
			name = Debug;
		};
		1371F0402CDDE0290034FC36 /* Release */ = {
			isa = XCBuildConfiguration;
			buildSettings = {
				ASSETCATALOG_COMPILER_APPICON_NAME = AppIcon;
				ASSETCATALOG_COMPILER_GLOBAL_ACCENT_COLOR_NAME = AccentColor;
				CODE_SIGN_STYLE = Automatic;
				CURRENT_PROJECT_VERSION = 1;
				DEVELOPMENT_ASSET_PATHS = "\"noto-App/Preview Content\"";
				DEVELOPMENT_TEAM = 5U5FH3T2UV;
				ENABLE_PREVIEWS = YES;
				GENERATE_INFOPLIST_FILE = YES;
				INFOPLIST_FILE = "noto-App/info.plist";
				INFOPLIST_KEY_UIApplicationSceneManifest_Generation = YES;
				INFOPLIST_KEY_UIApplicationSupportsIndirectInputEvents = YES;
				INFOPLIST_KEY_UILaunchScreen_Generation = YES;
				INFOPLIST_KEY_UISupportedInterfaceOrientations_iPad = "UIInterfaceOrientationPortrait UIInterfaceOrientationPortraitUpsideDown UIInterfaceOrientationLandscapeLeft UIInterfaceOrientationLandscapeRight";
				INFOPLIST_KEY_UISupportedInterfaceOrientations_iPhone = "UIInterfaceOrientationPortrait UIInterfaceOrientationLandscapeLeft UIInterfaceOrientationLandscapeRight";
				LD_RUNPATH_SEARCH_PATHS = (
					"$(inherited)",
					"@executable_path/Frameworks",
				);
				MARKETING_VERSION = 1.0;
				PRODUCT_BUNDLE_IDENTIFIER = "jinhyeok.noto-App";
				PRODUCT_NAME = "$(TARGET_NAME)";
				SWIFT_EMIT_LOC_STRINGS = YES;
				SWIFT_VERSION = 5.0;
				TARGETED_DEVICE_FAMILY = "1,2";
			};
			name = Release;
		};
		1371F0422CDDE0290034FC36 /* Debug */ = {
			isa = XCBuildConfiguration;
			buildSettings = {
				ALWAYS_EMBED_SWIFT_STANDARD_LIBRARIES = YES;
				BUNDLE_LOADER = "$(TEST_HOST)";
				CODE_SIGN_STYLE = Automatic;
				CURRENT_PROJECT_VERSION = 1;
				DEVELOPMENT_TEAM = 5U5FH3T2UV;
				GENERATE_INFOPLIST_FILE = YES;
				IPHONEOS_DEPLOYMENT_TARGET = 17.5;
				MARKETING_VERSION = 1.0;
				PRODUCT_BUNDLE_IDENTIFIER = "jinhyeok.noto-AppTests";
				PRODUCT_NAME = "$(TARGET_NAME)";
				SWIFT_EMIT_LOC_STRINGS = NO;
				SWIFT_VERSION = 5.0;
				TARGETED_DEVICE_FAMILY = "1,2";
				TEST_HOST = "$(BUILT_PRODUCTS_DIR)/noto-App.app/$(BUNDLE_EXECUTABLE_FOLDER_PATH)/noto-App";
			};
			name = Debug;
		};
		1371F0432CDDE0290034FC36 /* Release */ = {
			isa = XCBuildConfiguration;
			buildSettings = {
				ALWAYS_EMBED_SWIFT_STANDARD_LIBRARIES = YES;
				BUNDLE_LOADER = "$(TEST_HOST)";
				CODE_SIGN_STYLE = Automatic;
				CURRENT_PROJECT_VERSION = 1;
				DEVELOPMENT_TEAM = 5U5FH3T2UV;
				GENERATE_INFOPLIST_FILE = YES;
				IPHONEOS_DEPLOYMENT_TARGET = 17.5;
				MARKETING_VERSION = 1.0;
				PRODUCT_BUNDLE_IDENTIFIER = "jinhyeok.noto-AppTests";
				PRODUCT_NAME = "$(TARGET_NAME)";
				SWIFT_EMIT_LOC_STRINGS = NO;
				SWIFT_VERSION = 5.0;
				TARGETED_DEVICE_FAMILY = "1,2";
				TEST_HOST = "$(BUILT_PRODUCTS_DIR)/noto-App.app/$(BUNDLE_EXECUTABLE_FOLDER_PATH)/noto-App";
			};
			name = Release;
		};
		1371F0452CDDE0290034FC36 /* Debug */ = {
			isa = XCBuildConfiguration;
			buildSettings = {
				ALWAYS_EMBED_SWIFT_STANDARD_LIBRARIES = YES;
				CODE_SIGN_STYLE = Automatic;
				CURRENT_PROJECT_VERSION = 1;
				DEVELOPMENT_TEAM = 5U5FH3T2UV;
				GENERATE_INFOPLIST_FILE = YES;
				MARKETING_VERSION = 1.0;
				PRODUCT_BUNDLE_IDENTIFIER = "jinhyeok.noto-AppUITests";
				PRODUCT_NAME = "$(TARGET_NAME)";
				SWIFT_EMIT_LOC_STRINGS = NO;
				SWIFT_VERSION = 5.0;
				TARGETED_DEVICE_FAMILY = "1,2";
				TEST_TARGET_NAME = "noto-App";
			};
			name = Debug;
		};
		1371F0462CDDE0290034FC36 /* Release */ = {
			isa = XCBuildConfiguration;
			buildSettings = {
				ALWAYS_EMBED_SWIFT_STANDARD_LIBRARIES = YES;
				CODE_SIGN_STYLE = Automatic;
				CURRENT_PROJECT_VERSION = 1;
				DEVELOPMENT_TEAM = 5U5FH3T2UV;
				GENERATE_INFOPLIST_FILE = YES;
				MARKETING_VERSION = 1.0;
				PRODUCT_BUNDLE_IDENTIFIER = "jinhyeok.noto-AppUITests";
				PRODUCT_NAME = "$(TARGET_NAME)";
				SWIFT_EMIT_LOC_STRINGS = NO;
				SWIFT_VERSION = 5.0;
				TARGETED_DEVICE_FAMILY = "1,2";
				TEST_TARGET_NAME = "noto-App";
			};
			name = Release;
		};
/* End XCBuildConfiguration section */

/* Begin XCConfigurationList section */
		1371F0132CDDE0150034FC36 /* Build configuration list for PBXProject "noto-App" */ = {
			isa = XCConfigurationList;
			buildConfigurations = (
				1371F03C2CDDE0290034FC36 /* Debug */,
				1371F03D2CDDE0290034FC36 /* Release */,
			);
			defaultConfigurationIsVisible = 0;
			defaultConfigurationName = Release;
		};
		1371F03E2CDDE0290034FC36 /* Build configuration list for PBXNativeTarget "noto-App" */ = {
			isa = XCConfigurationList;
			buildConfigurations = (
				1371F03F2CDDE0290034FC36 /* Debug */,
				1371F0402CDDE0290034FC36 /* Release */,
			);
			defaultConfigurationIsVisible = 0;
			defaultConfigurationName = Release;
		};
		1371F0412CDDE0290034FC36 /* Build configuration list for PBXNativeTarget "noto-AppTests" */ = {
			isa = XCConfigurationList;
			buildConfigurations = (
				1371F0422CDDE0290034FC36 /* Debug */,
				1371F0432CDDE0290034FC36 /* Release */,
			);
			defaultConfigurationIsVisible = 0;
			defaultConfigurationName = Release;
		};
		1371F0442CDDE0290034FC36 /* Build configuration list for PBXNativeTarget "noto-AppUITests" */ = {
			isa = XCConfigurationList;
			buildConfigurations = (
				1371F0452CDDE0290034FC36 /* Debug */,
				1371F0462CDDE0290034FC36 /* Release */,
			);
			defaultConfigurationIsVisible = 0;
			defaultConfigurationName = Release;
		};
/* End XCConfigurationList section */
	};
	rootObject = 1371F0102CDDE0150034FC36 /* Project object */;
}
